
Microsoft Visual Studio Solution File, Format Version 12.00
# Visual Studio Version 17
VisualStudioVersion = 17.7.34031.279
MinimumVisualStudioVersion = 10.0.40219.1
Project("{FAE04EC0-301F-11D3-BF4B-00C04F79EFBC}") = "L_UDPServer", "L_UDPServer\L_UDPServer.csproj", "{09EB70BA-8AE9-4DE1-B3B3-4E9CB895A06B}"
EndProject
Project("{FAE04EC0-301F-11D3-BF4B-00C04F79EFBC}") = "L9_Game3231", "Class1\L9_Game3231.csproj", "{7079B85F-AF89-4950-BA1C-9D7CE4627A33}"
EndProject
Project("{FAE04EC0-301F-11D3-BF4B-00C04F79EFBC}") = "L9_UDPCLient", "L9_UDPCLient\L9_UDPCLient.csproj", "{89DACCA4-67D3-4B9A-8C8B-8E1A1A4E8BC6}"
EndProject
Global
	GlobalSection(SolutionConfigurationPlatforms) = preSolution
		Debug|Any CPU = Debug|Any CPU
		Release|Any CPU = Release|Any CPU
	EndGlobalSection
	GlobalSection(ProjectConfigurationPlatforms) = postSolution
		{09EB70BA-8AE9-4DE1-B3B3-4E9CB895A06B}.Debug|Any CPU.ActiveCfg = Debug|Any CPU
		{09EB70BA-8AE9-4DE1-B3B3-4E9CB895A06B}.Debug|Any CPU.Build.0 = Debug|Any CPU
		{09EB70BA-8AE9-4DE1-B3B3-4E9CB895A06B}.Release|Any CPU.ActiveCfg = Release|Any CPU
		{09EB70BA-8AE9-4DE1-B3B3-4E9CB895A06B}.Release|Any CPU.Build.0 = Release|Any CPU
		{7079B85F-AF89-4950-BA1C-9D7CE4627A33}.Debug|Any CPU.ActiveCfg = Debug|Any CPU
		{7079B85F-AF89-4950-BA1C-9D7CE4627A33}.Debug|Any CPU.Build.0 = Debug|Any CPU
		{7079B85F-AF89-4950-BA1C-9D7CE4627A33}.Release|Any CPU.ActiveCfg = Release|Any CPU
		{7079B85F-AF89-4950-BA1C-9D7CE4627A33}.Release|Any CPU.Build.0 = Release|Any CPU
		{89DACCA4-67D3-4B9A-8C8B-8E1A1A4E8BC6}.Debug|Any CPU.ActiveCfg = Debug|Any CPU
		{89DACCA4-67D3-4B9A-8C8B-8E1A1A4E8BC6}.Debug|Any CPU.Build.0 = Debug|Any CPU
		{89DACCA4-67D3-4B9A-8C8B-8E1A1A4E8BC6}.Release|Any CPU.ActiveCfg = Release|Any CPU
		{89DACCA4-67D3-4B9A-8C8B-8E1A1A4E8BC6}.Release|Any CPU.Build.0 = Release|Any CPU
	EndGlobalSection
	GlobalSection(SolutionProperties) = preSolution
		HideSolutionNode = FALSE
	EndGlobalSection
	GlobalSection(ExtensibilityGlobals) = postSolution
		SolutionGuid = {90BF97FF-67F7-4AEC-851C-B6015CA2C26F}
	EndGlobalSection
EndGlobal
