
Microsoft Visual Studio Solution File, Format Version 12.00
# Visual Studio Version 17
VisualStudioVersion = 17.7.34031.279
MinimumVisualStudioVersion = 10.0.40219.1
Project("{FAE04EC0-301F-11D3-BF4B-00C04F79EFBC}") = "WindowsFormsApp5", "WindowsFormsApp5\WindowsFormsApp5.csproj", "{7D0B4450-8788-40EC-810E-312FD7B9AECF}"
EndProject
Global
	GlobalSection(SolutionConfigurationPlatforms) = preSolution
		Debug|Any CPU = Debug|Any CPU
		Release|Any CPU = Release|Any CPU
	EndGlobalSection
	GlobalSection(ProjectConfigurationPlatforms) = postSolution
		{7D0B4450-8788-40EC-810E-312FD7B9AECF}.Debug|Any CPU.ActiveCfg = Debug|Any CPU
		{7D0B4450-8788-40EC-810E-312FD7B9AECF}.Debug|Any CPU.Build.0 = Debug|Any CPU
		{7D0B4450-8788-40EC-810E-312FD7B9AECF}.Release|Any CPU.ActiveCfg = Release|Any CPU
		{7D0B4450-8788-40EC-810E-312FD7B9AECF}.Release|Any CPU.Build.0 = Release|Any CPU
	EndGlobalSection
	GlobalSection(SolutionProperties) = preSolution
		HideSolutionNode = FALSE
	EndGlobalSection
	GlobalSection(ExtensibilityGlobals) = postSolution
		SolutionGuid = {CCEFAD02-E8A0-437D-8DFB-6BDE15C5D442}
	EndGlobalSection
EndGlobal
