
Microsoft Visual Studio Solution File, Format Version 12.00
# Visual Studio Version 17
VisualStudioVersion = 17.7.34031.279
MinimumVisualStudioVersion = 10.0.40219.1
Project("{FAE04EC0-301F-11D3-BF4B-00C04F79EFBC}") = "L4", "L4\L4.csproj", "{366977DF-3C64-4310-85CF-DE62B09C53A9}"
EndProject
Global
	GlobalSection(SolutionConfigurationPlatforms) = preSolution
		Debug|Any CPU = Debug|Any CPU
		Release|Any CPU = Release|Any CPU
	EndGlobalSection
	GlobalSection(ProjectConfigurationPlatforms) = postSolution
		{366977DF-3C64-4310-85CF-DE62B09C53A9}.Debug|Any CPU.ActiveCfg = Debug|Any CPU
		{366977DF-3C64-4310-85CF-DE62B09C53A9}.Debug|Any CPU.Build.0 = Debug|Any CPU
		{366977DF-3C64-4310-85CF-DE62B09C53A9}.Release|Any CPU.ActiveCfg = Release|Any CPU
		{366977DF-3C64-4310-85CF-DE62B09C53A9}.Release|Any CPU.Build.0 = Release|Any CPU
	EndGlobalSection
	GlobalSection(SolutionProperties) = preSolution
		HideSolutionNode = FALSE
	EndGlobalSection
	GlobalSection(ExtensibilityGlobals) = postSolution
		SolutionGuid = {DEDB7DBB-D628-49AC-8E62-F50924E9B47A}
	EndGlobalSection
EndGlobal
