
Microsoft Visual Studio Solution File, Format Version 12.00
# Visual Studio Version 16
VisualStudioVersion = 16.0.34031.81
MinimumVisualStudioVersion = 10.0.40219.1
Project("{FAE04EC0-301F-11D3-BF4B-00C04F79EFBC}") = "G1-Draw", "G1-Draw\G1-Draw.csproj", "{83FD669F-9C49-435B-9DAB-77218F26FD24}"
EndProject
Global
	GlobalSection(SolutionConfigurationPlatforms) = preSolution
		Debug|Any CPU = Debug|Any CPU
		Release|Any CPU = Release|Any CPU
	EndGlobalSection
	GlobalSection(ProjectConfigurationPlatforms) = postSolution
		{83FD669F-9C49-435B-9DAB-77218F26FD24}.Debug|Any CPU.ActiveCfg = Debug|Any CPU
		{83FD669F-9C49-435B-9DAB-77218F26FD24}.Debug|Any CPU.Build.0 = Debug|Any CPU
		{83FD669F-9C49-435B-9DAB-77218F26FD24}.Release|Any CPU.ActiveCfg = Release|Any CPU
		{83FD669F-9C49-435B-9DAB-77218F26FD24}.Release|Any CPU.Build.0 = Release|Any CPU
	EndGlobalSection
	GlobalSection(SolutionProperties) = preSolution
		HideSolutionNode = FALSE
	EndGlobalSection
	GlobalSection(ExtensibilityGlobals) = postSolution
		SolutionGuid = {59BBAB42-853C-4146-AF7A-E8C50DFE29FD}
	EndGlobalSection
EndGlobal
